
Microsoft Visual Studio Solution File, Format Version 12.00
# Visual Studio Version 17
VisualStudioVersion = 17.14.36301.6
MinimumVisualStudioVersion = 10.0.40219.1
Project("{FAE04EC0-301F-11D3-BF4B-00C04F79EFBC}") = "NutritionProject", "NutritionProject\NutritionProject.csproj", "{0F30011D-AB1B-482A-898B-AA8CA9B99F5A}"
EndProject
Project("{FAE04EC0-301F-11D3-BF4B-00C04F79EFBC}") = "Domain", "Domain\Domain.csproj", "{D7C4FD31-FCED-44F3-AA0F-3122DAFEB6CA}"
EndProject
Global
	GlobalSection(SolutionConfigurationPlatforms) = preSolution
		Debug|Any CPU = Debug|Any CPU
		Release|Any CPU = Release|Any CPU
	EndGlobalSection
	GlobalSection(ProjectConfigurationPlatforms) = postSolution
		{0F30011D-AB1B-482A-898B-AA8CA9B99F5A}.Debug|Any CPU.ActiveCfg = Debug|Any CPU
		{0F30011D-AB1B-482A-898B-AA8CA9B99F5A}.Debug|Any CPU.Build.0 = Debug|Any CPU
		{0F30011D-AB1B-482A-898B-AA8CA9B99F5A}.Release|Any CPU.ActiveCfg = Release|Any CPU
		{0F30011D-AB1B-482A-898B-AA8CA9B99F5A}.Release|Any CPU.Build.0 = Release|Any CPU
		{D7C4FD31-FCED-44F3-AA0F-3122DAFEB6CA}.Debug|Any CPU.ActiveCfg = Debug|Any CPU
		{D7C4FD31-FCED-44F3-AA0F-3122DAFEB6CA}.Debug|Any CPU.Build.0 = Debug|Any CPU
		{D7C4FD31-FCED-44F3-AA0F-3122DAFEB6CA}.Release|Any CPU.ActiveCfg = Release|Any CPU
		{D7C4FD31-FCED-44F3-AA0F-3122DAFEB6CA}.Release|Any CPU.Build.0 = Release|Any CPU
	EndGlobalSection
	GlobalSection(SolutionProperties) = preSolution
		HideSolutionNode = FALSE
	EndGlobalSection
	GlobalSection(ExtensibilityGlobals) = postSolution
		SolutionGuid = {9134C703-ECCD-4A34-BAF8-4B21D6505424}
	EndGlobalSection
EndGlobal
